
Microsoft Visual Studio Solution File, Format Version 12.00
# Visual Studio 15
Project("{FAE04EC0-301F-11D3-BF4B-00C04F79EFBC}") = "DonateaMole.Android", "DonateaMole.Android\DonateaMole.Android.csproj", "{2DDB2861-57F4-493B-8570-D66B65E82E48}"
EndProject
Project("{FAE04EC0-301F-11D3-BF4B-00C04F79EFBC}") = "DonateaMole.iOS", "DonateaMole.iOS\DonateaMole.iOS.csproj", "{654B9A85-0503-4ADB-975F-3D414EDA09CE}"
EndProject
Project("{FAE04EC0-301F-11D3-BF4B-00C04F79EFBC}") = "DonateaMole", "DonateaMole\DonateaMole.csproj", "{9C32AC05-7315-419E-9823-0542A817DC0C}"
EndProject
Global
	GlobalSection(SolutionConfigurationPlatforms) = preSolution
		Debug|Any CPU = Debug|Any CPU
		Release|Any CPU = Release|Any CPU
		Debug|iPhoneSimulator = Debug|iPhoneSimulator
		Release|iPhoneSimulator = Release|iPhoneSimulator
		Debug|iPhone = Debug|iPhone
		Release|iPhone = Release|iPhone
	EndGlobalSection
	GlobalSection(ProjectConfigurationPlatforms) = postSolution
		{2DDB2861-57F4-493B-8570-D66B65E82E48}.Debug|Any CPU.ActiveCfg = Debug|Any CPU
		{2DDB2861-57F4-493B-8570-D66B65E82E48}.Debug|Any CPU.Build.0 = Debug|Any CPU
		{2DDB2861-57F4-493B-8570-D66B65E82E48}.Release|Any CPU.ActiveCfg = Release|Any CPU
		{2DDB2861-57F4-493B-8570-D66B65E82E48}.Release|Any CPU.Build.0 = Release|Any CPU
		{2DDB2861-57F4-493B-8570-D66B65E82E48}.Debug|iPhoneSimulator.ActiveCfg = Debug|Any CPU
		{2DDB2861-57F4-493B-8570-D66B65E82E48}.Debug|iPhoneSimulator.Build.0 = Debug|Any CPU
		{2DDB2861-57F4-493B-8570-D66B65E82E48}.Release|iPhoneSimulator.ActiveCfg = Release|Any CPU
		{2DDB2861-57F4-493B-8570-D66B65E82E48}.Release|iPhoneSimulator.Build.0 = Release|Any CPU
		{2DDB2861-57F4-493B-8570-D66B65E82E48}.Debug|iPhone.ActiveCfg = Debug|Any CPU
		{2DDB2861-57F4-493B-8570-D66B65E82E48}.Debug|iPhone.Build.0 = Debug|Any CPU
		{2DDB2861-57F4-493B-8570-D66B65E82E48}.Release|iPhone.ActiveCfg = Release|Any CPU
		{2DDB2861-57F4-493B-8570-D66B65E82E48}.Release|iPhone.Build.0 = Release|Any CPU
		{654B9A85-0503-4ADB-975F-3D414EDA09CE}.Debug|Any CPU.ActiveCfg = Debug|iPhoneSimulator
		{654B9A85-0503-4ADB-975F-3D414EDA09CE}.Debug|Any CPU.Build.0 = Debug|iPhoneSimulator
		{654B9A85-0503-4ADB-975F-3D414EDA09CE}.Release|Any CPU.ActiveCfg = Release|iPhoneSimulator
		{654B9A85-0503-4ADB-975F-3D414EDA09CE}.Release|Any CPU.Build.0 = Release|iPhoneSimulator
		{654B9A85-0503-4ADB-975F-3D414EDA09CE}.Debug|iPhoneSimulator.ActiveCfg = Debug|iPhoneSimulator
		{654B9A85-0503-4ADB-975F-3D414EDA09CE}.Debug|iPhoneSimulator.Build.0 = Debug|iPhoneSimulator
		{654B9A85-0503-4ADB-975F-3D414EDA09CE}.Release|iPhoneSimulator.ActiveCfg = Release|iPhoneSimulator
		{654B9A85-0503-4ADB-975F-3D414EDA09CE}.Release|iPhoneSimulator.Build.0 = Release|iPhoneSimulator
		{654B9A85-0503-4ADB-975F-3D414EDA09CE}.Debug|iPhone.ActiveCfg = Debug|iPhone
		{654B9A85-0503-4ADB-975F-3D414EDA09CE}.Debug|iPhone.Build.0 = Debug|iPhone
		{654B9A85-0503-4ADB-975F-3D414EDA09CE}.Release|iPhone.ActiveCfg = Release|iPhone
		{654B9A85-0503-4ADB-975F-3D414EDA09CE}.Release|iPhone.Build.0 = Release|iPhone
		{9C32AC05-7315-419E-9823-0542A817DC0C}.Debug|Any CPU.ActiveCfg = Debug|Any CPU
		{9C32AC05-7315-419E-9823-0542A817DC0C}.Debug|Any CPU.Build.0 = Debug|Any CPU
		{9C32AC05-7315-419E-9823-0542A817DC0C}.Release|Any CPU.ActiveCfg = Release|Any CPU
		{9C32AC05-7315-419E-9823-0542A817DC0C}.Release|Any CPU.Build.0 = Release|Any CPU
		{9C32AC05-7315-419E-9823-0542A817DC0C}.Debug|iPhoneSimulator.ActiveCfg = Debug|Any CPU
		{9C32AC05-7315-419E-9823-0542A817DC0C}.Debug|iPhoneSimulator.Build.0 = Debug|Any CPU
		{9C32AC05-7315-419E-9823-0542A817DC0C}.Release|iPhoneSimulator.ActiveCfg = Release|Any CPU
		{9C32AC05-7315-419E-9823-0542A817DC0C}.Release|iPhoneSimulator.Build.0 = Release|Any CPU
		{9C32AC05-7315-419E-9823-0542A817DC0C}.Debug|iPhone.ActiveCfg = Debug|Any CPU
		{9C32AC05-7315-419E-9823-0542A817DC0C}.Debug|iPhone.Build.0 = Debug|Any CPU
		{9C32AC05-7315-419E-9823-0542A817DC0C}.Release|iPhone.ActiveCfg = Release|Any CPU
		{9C32AC05-7315-419E-9823-0542A817DC0C}.Release|iPhone.Build.0 = Release|Any CPU
	EndGlobalSection
EndGlobal
